{
  "nodes": {
    "agenix": {
      "inputs": {
        "nixpkgs": [
          "nixpkgs"
        ]
      },
      "locked": {
        "lastModified": 1631896269,
        "narHash": "sha256-DAyCxJ8JacayOzGgGSfzrn7ghtsfL/EsCyk1NEUaAR8=",
        "owner": "ryantm",
        "repo": "agenix",
        "rev": "daf1d773989ac5d949aeef03fce0fe27e583dbca",
        "type": "github"
      },
      "original": {
        "owner": "ryantm",
        "ref": "master",
        "repo": "agenix",
        "type": "github"
      }
    },
    "futils": {
      "locked": {
        "lastModified": 1631561581,
        "narHash": "sha256-3VQMV5zvxaVLvqqUrNz3iJelLw30mIVSfZmAaauM3dA=",
        "owner": "numtide",
        "repo": "flake-utils",
        "rev": "7e5bf3925f6fbdfaf50a2a7ca0be2879c4261d19",
        "type": "github"
      },
      "original": {
        "owner": "numtide",
        "ref": "master",
        "repo": "flake-utils",
        "type": "github"
      }
    },
    "home-manager": {
      "inputs": {
        "nixpkgs": [
          "nixpkgs"
        ]
      },
      "locked": {
        "lastModified": 1634230035,
        "narHash": "sha256-tS0dyWxVgb79Jk8elMthWv/oycj/Q4HHDoNL5V43kz8=",
        "owner": "nix-community",
        "repo": "home-manager",
        "rev": "309808afbc2a07e340067f66029a4202b4c4b959",
        "type": "github"
      },
      "original": {
        "owner": "nix-community",
        "ref": "master",
        "repo": "home-manager",
        "type": "github"
      }
    },
    "nixpkgs": {
      "locked": {
        "lastModified": 1634172192,
        "narHash": "sha256-FBF4U/T+bMg4sEyT/zkgasvVquGzgdAf4y8uCosKMmo=",
        "owner": "NixOS",
        "repo": "nixpkgs",
        "rev": "2cf9db0e3d45b9d00f16f2836cb1297bcadc475e",
        "type": "github"
      },
      "original": {
        "owner": "NixOS",
        "ref": "nixos-unstable",
        "repo": "nixpkgs",
        "type": "github"
      }
    },
    "nur": {
      "locked": {
        "lastModified": 1634283744,
        "narHash": "sha256-XqRqt1RbEz6MAO1ZkAkcjNZTJCOJ+3LJJ2JWyEkUXsQ=",
        "owner": "nix-community",
        "repo": "NUR",
        "rev": "2dbf2b986c523b728ead324baaba9e0d28322557",
        "type": "github"
      },
      "original": {
        "owner": "nix-community",
        "ref": "master",
        "repo": "NUR",
        "type": "github"
      }
    },
    "pre-commit-hooks": {
      "inputs": {
        "flake-utils": [
          "futils"
        ],
        "nixpkgs": [
          "nixpkgs"
        ]
      },
      "locked": {
        "lastModified": 1633788342,
        "narHash": "sha256-wx+aRtR5FwbMOV/0N3PSC4au92aXl6tfwHOk4xgYXRQ=",
        "owner": "cachix",
        "repo": "pre-commit-hooks.nix",
        "rev": "475b1f7f7ddcb6415e6624a68c4fe90f55ee9e73",
        "type": "github"
      },
      "original": {
        "owner": "cachix",
        "ref": "master",
        "repo": "pre-commit-hooks.nix",
        "type": "github"
      }
    },
    "root": {
      "inputs": {
        "agenix": "agenix",
        "futils": "futils",
        "home-manager": "home-manager",
        "nixpkgs": "nixpkgs",
        "nur": "nur",
        "pre-commit-hooks": "pre-commit-hooks"
      }
    }
  },
  "root": "root",
  "version": 7
}
