{
  "nodes": {
    "agenix": {
      "inputs": {
        "nixpkgs": [
          "nixpkgs"
        ]
      },
      "locked": {
        "lastModified": 1662046976,
        "narHash": "sha256-BrTReGRhkVm/Kmmf4zQrL+oYWy0sds/BDBgXNX1CL3c=",
        "owner": "ryantm",
        "repo": "agenix",
        "rev": "9f136ecfa5bf954538aed3245e4408cf87c85097",
        "type": "github"
      },
      "original": {
        "owner": "ryantm",
        "ref": "main",
        "repo": "agenix",
        "type": "github"
      }
    },
    "devshell": {
      "locked": {
        "lastModified": 1642188268,
        "narHash": "sha256-DNz4xScpXIn7rSDohdayBpPR9H9OWCMDOgTYegX081k=",
        "owner": "numtide",
        "repo": "devshell",
        "rev": "696acc29668b644df1740b69e1601119bf6da83b",
        "type": "github"
      },
      "original": {
        "owner": "numtide",
        "repo": "devshell",
        "type": "github"
      }
    },
    "flake-compat": {
      "flake": false,
      "locked": {
        "lastModified": 1641205782,
        "narHash": "sha256-4jY7RCWUoZ9cKD8co0/4tFARpWB+57+r1bLLvXNJliY=",
        "owner": "edolstra",
        "repo": "flake-compat",
        "rev": "b7547d3eed6f32d06102ead8991ec52ab0a4f1a7",
        "type": "github"
      },
      "original": {
        "owner": "edolstra",
        "repo": "flake-compat",
        "type": "github"
      }
    },
    "futils": {
      "locked": {
        "lastModified": 1659877975,
        "narHash": "sha256-zllb8aq3YO3h8B/U0/J1WBgAL8EX5yWf5pMj3G0NAmc=",
        "owner": "numtide",
        "repo": "flake-utils",
        "rev": "c0e246b9b83f637f4681389ecabcb2681b4f3af0",
        "type": "github"
      },
      "original": {
        "owner": "numtide",
        "ref": "master",
        "repo": "flake-utils",
        "type": "github"
      }
    },
    "home-manager": {
      "inputs": {
        "nixpkgs": [
          "nixpkgs"
        ],
        "utils": [
          "futils"
        ]
      },
      "locked": {
        "lastModified": 1661824092,
        "narHash": "sha256-nSWLWytlXbeLrx5A+r5Pso7CvVrX5EgmIIXW/EXvPHQ=",
        "owner": "nix-community",
        "repo": "home-manager",
        "rev": "5bd66dc6cd967033489c69d486402b75d338eeb6",
        "type": "github"
      },
      "original": {
        "owner": "nix-community",
        "ref": "master",
        "repo": "home-manager",
        "type": "github"
      }
    },
    "matrix-appservices": {
      "inputs": {
        "devshell": "devshell",
        "flake-compat": "flake-compat",
        "nixlib": "nixlib",
        "nixpkgs": [
          "nixpkgs"
        ]
      },
      "locked": {
        "lastModified": 1662227278,
        "narHash": "sha256-n58O7wTmORHg+cwYrbKjnlKi3UQkDug9l0FY9RB6zIM=",
        "owner": "coffeetables",
        "repo": "nix-matrix-appservices",
        "rev": "41c1418781dbdfae5d1c15a29b7f1b8f67e5d69f",
        "type": "gitlab"
      },
      "original": {
        "owner": "coffeetables",
        "ref": "main",
        "repo": "nix-matrix-appservices",
        "type": "gitlab"
      }
    },
    "nixlib": {
      "locked": {
        "lastModified": 1643502816,
        "narHash": "sha256-Wrbt6Gs+hjXD3HUICPBJHKnHEUqiyx8rzHCgvqC1Bok=",
        "owner": "divnix",
        "repo": "nixpkgs.lib",
        "rev": "ebed7ec5bcb5d01e298535989c6c321df18b631a",
        "type": "github"
      },
      "original": {
        "owner": "divnix",
        "repo": "nixpkgs.lib",
        "type": "github"
      }
    },
    "nixpkgs": {
      "locked": {
        "lastModified": 1662019588,
        "narHash": "sha256-oPEjHKGGVbBXqwwL+UjsveJzghWiWV0n9ogo1X6l4cw=",
        "owner": "NixOS",
        "repo": "nixpkgs",
        "rev": "2da64a81275b68fdad38af669afeda43d401e94b",
        "type": "github"
      },
      "original": {
        "owner": "NixOS",
        "ref": "nixos-unstable",
        "repo": "nixpkgs",
        "type": "github"
      }
    },
    "nur": {
      "locked": {
        "lastModified": 1662103084,
        "narHash": "sha256-zE6ftit1nllgrXJ3hnt/h/Ev+JsjkJQLKAgO5M31R5s=",
        "owner": "nix-community",
        "repo": "NUR",
        "rev": "65fef905eaad9a585a3841103ed3f45608a50c56",
        "type": "github"
      },
      "original": {
        "owner": "nix-community",
        "ref": "master",
        "repo": "NUR",
        "type": "github"
      }
    },
    "pre-commit-hooks": {
      "inputs": {
        "flake-utils": [
          "futils"
        ],
        "nixpkgs": [
          "nixpkgs"
        ]
      },
      "locked": {
        "lastModified": 1660830093,
        "narHash": "sha256-HUhx3a82C7bgp2REdGFeHJdhEAzMGCk3V8xIvfBqg1I=",
        "owner": "cachix",
        "repo": "pre-commit-hooks.nix",
        "rev": "8cb8ea5f1c7bc2984f460587fddd5f2e558f6eb8",
        "type": "github"
      },
      "original": {
        "owner": "cachix",
        "ref": "master",
        "repo": "pre-commit-hooks.nix",
        "type": "github"
      }
    },
    "root": {
      "inputs": {
        "agenix": "agenix",
        "futils": "futils",
        "home-manager": "home-manager",
        "matrix-appservices": "matrix-appservices",
        "nixpkgs": "nixpkgs",
        "nur": "nur",
        "pre-commit-hooks": "pre-commit-hooks"
      }
    }
  },
  "root": "root",
  "version": 7
}
